[[package]]
name = "vdf"
version = "3.4"
description = "Library for working with Valve's VDF text format"
category = "main"
optional = false
python-versions = "*"

[metadata]
lock-version = "1.1"
python-versions = "^3.10"
content-hash = "5cd7e4108ec5cad1b4282fd84e92027f644db29ffa0efb4ab29369ebf0b96666"

[metadata.files]
vdf = [
    {file = "vdf-3.4-py2.py3-none-any.whl", hash = "sha256:68c1a125cc49e343d535af2dd25074e9cb0908c6607f073947c4a04bbe234534"},
    {file = "vdf-3.4.tar.gz", hash = "sha256:fd5419f41e07a1009e5ffd027c7dcbe43d1f7e8ef453aeaa90d9d04b807de2af"},
]
